
Microsoft Visual Studio Solution File, Format Version 12.00
# Visual Studio Version 17
VisualStudioVersion = 17.10.35122.118
MinimumVisualStudioVersion = 10.0.40219.1
Project("{FAE04EC0-301F-11D3-BF4B-00C04F79EFBC}") = "Pratik-IMDBListes", "Pratik-IMDBListes\Pratik-IMDBListes.csproj", "{AFAC8AE4-5F26-476B-8C22-620D9EA20325}"
EndProject
Global
	GlobalSection(SolutionConfigurationPlatforms) = preSolution
		Debug|Any CPU = Debug|Any CPU
		Release|Any CPU = Release|Any CPU
	EndGlobalSection
	GlobalSection(ProjectConfigurationPlatforms) = postSolution
		{AFAC8AE4-5F26-476B-8C22-620D9EA20325}.Debug|Any CPU.ActiveCfg = Debug|Any CPU
		{AFAC8AE4-5F26-476B-8C22-620D9EA20325}.Debug|Any CPU.Build.0 = Debug|Any CPU
		{AFAC8AE4-5F26-476B-8C22-620D9EA20325}.Release|Any CPU.ActiveCfg = Release|Any CPU
		{AFAC8AE4-5F26-476B-8C22-620D9EA20325}.Release|Any CPU.Build.0 = Release|Any CPU
	EndGlobalSection
	GlobalSection(SolutionProperties) = preSolution
		HideSolutionNode = FALSE
	EndGlobalSection
	GlobalSection(ExtensibilityGlobals) = postSolution
		SolutionGuid = {BDD82541-7696-4A78-99BA-BC0C09E1F081}
	EndGlobalSection
EndGlobal
